// !$*UTF8*$!
{
	archiveVersion = 1;
	classes = {
	};
	objectVersion = 46;
	objects = {

/* Begin PBXBuildFile section */
		BCD53EAFBF6FEBFD7C0400CD /* Pods_SimpleTransitionAnimations.framework in Frameworks */ = {isa = PBXBuildFile; fileRef = C3A2BAAFB250BC0B4AD1B4D8 /* Pods_SimpleTransitionAnimations.framework */; };
		F62CB2361D82AEDD00FB6A3D /* AppDelegate.swift in Sources */ = {isa = PBXBuildFile; fileRef = F62CB2351D82AEDD00FB6A3D /* AppDelegate.swift */; };
		F62CB2381D82AEDD00FB6A3D /* SelectionVC.swift in Sources */ = {isa = PBXBuildFile; fileRef = F62CB2371D82AEDD00FB6A3D /* SelectionVC.swift */; };
		F62CB23D1D82AEDD00FB6A3D /* Assets.xcassets in Resources */ = {isa = PBXBuildFile; fileRef = F62CB23C1D82AEDD00FB6A3D /* Assets.xcassets */; };
		F62CB2401D82AEDD00FB6A3D /* LaunchScreen.storyboard in Resources */ = {isa = PBXBuildFile; fileRef = F62CB23E1D82AEDD00FB6A3D /* LaunchScreen.storyboard */; };
/* End PBXBuildFile section */

/* Begin PBXFileReference section */
		3BDF0E08F399771EC1B2D701 /* Pods-SimpleTransitionAnimations.debug.xcconfig */ = {isa = PBXFileReference; includeInIndex = 1; lastKnownFileType = text.xcconfig; name = "Pods-SimpleTransitionAnimations.debug.xcconfig"; path = "Pods/Target Support Files/Pods-SimpleTransitionAnimations/Pods-SimpleTransitionAnimations.debug.xcconfig"; sourceTree = "<group>"; };
		6E5E77C61A668358007C04C6 /* Pods-SimpleTransitionAnimations.release.xcconfig */ = {isa = PBXFileReference; includeInIndex = 1; lastKnownFileType = text.xcconfig; name = "Pods-SimpleTransitionAnimations.release.xcconfig"; path = "Pods/Target Support Files/Pods-SimpleTransitionAnimations/Pods-SimpleTransitionAnimations.release.xcconfig"; sourceTree = "<group>"; };
		C3A2BAAFB250BC0B4AD1B4D8 /* Pods_SimpleTransitionAnimations.framework */ = {isa = PBXFileReference; explicitFileType = wrapper.framework; includeInIndex = 0; path = Pods_SimpleTransitionAnimations.framework; sourceTree = BUILT_PRODUCTS_DIR; };
		F62CB2321D82AEDD00FB6A3D /* SimpleTransitionAnimations.app */ = {isa = PBXFileReference; explicitFileType = wrapper.application; includeInIndex = 0; path = SimpleTransitionAnimations.app; sourceTree = BUILT_PRODUCTS_DIR; };
		F62CB2351D82AEDD00FB6A3D /* AppDelegate.swift */ = {isa = PBXFileReference; lastKnownFileType = sourcecode.swift; path = AppDelegate.swift; sourceTree = "<group>"; };
		F62CB2371D82AEDD00FB6A3D /* SelectionVC.swift */ = {isa = PBXFileReference; lastKnownFileType = sourcecode.swift; path = SelectionVC.swift; sourceTree = "<group>"; };
		F62CB23C1D82AEDD00FB6A3D /* Assets.xcassets */ = {isa = PBXFileReference; lastKnownFileType = folder.assetcatalog; path = Assets.xcassets; sourceTree = "<group>"; };
		F62CB23F1D82AEDD00FB6A3D /* Base */ = {isa = PBXFileReference; lastKnownFileType = file.storyboard; name = Base; path = Base.lproj/LaunchScreen.storyboard; sourceTree = "<group>"; };
		F62CB2411D82AEDD00FB6A3D /* Info.plist */ = {isa = PBXFileReference; lastKnownFileType = text.plist.xml; path = Info.plist; sourceTree = "<group>"; };
/* End PBXFileReference section */

/* Begin PBXFrameworksBuildPhase section */
		F62CB22F1D82AEDD00FB6A3D /* Frameworks */ = {
			isa = PBXFrameworksBuildPhase;
			buildActionMask = 2147483647;
			files = (
				BCD53EAFBF6FEBFD7C0400CD /* Pods_SimpleTransitionAnimations.framework in Frameworks */,
			);
			runOnlyForDeploymentPostprocessing = 0;
		};
/* End PBXFrameworksBuildPhase section */

/* Begin PBXGroup section */
		7384BC1081E45D70BEA6FC10 /* Pods */ = {
			isa = PBXGroup;
			children = (
				3BDF0E08F399771EC1B2D701 /* Pods-SimpleTransitionAnimations.debug.xcconfig */,
				6E5E77C61A668358007C04C6 /* Pods-SimpleTransitionAnimations.release.xcconfig */,
			);
			name = Pods;
			sourceTree = "<group>";
		};
		B5D5F08BCBE15A8341CFC2CD /* Frameworks */ = {
			isa = PBXGroup;
			children = (
				C3A2BAAFB250BC0B4AD1B4D8 /* Pods_SimpleTransitionAnimations.framework */,
			);
			name = Frameworks;
			sourceTree = "<group>";
		};
		F62CB2291D82AEDD00FB6A3D = {
			isa = PBXGroup;
			children = (
				F62CB2341D82AEDD00FB6A3D /* SimpleTransitionAnimations */,
				F62CB2331D82AEDD00FB6A3D /* Products */,
				7384BC1081E45D70BEA6FC10 /* Pods */,
				B5D5F08BCBE15A8341CFC2CD /* Frameworks */,
			);
			sourceTree = "<group>";
		};
		F62CB2331D82AEDD00FB6A3D /* Products */ = {
			isa = PBXGroup;
			children = (
				F62CB2321D82AEDD00FB6A3D /* SimpleTransitionAnimations.app */,
			);
			name = Products;
			sourceTree = "<group>";
		};
		F62CB2341D82AEDD00FB6A3D /* SimpleTransitionAnimations */ = {
			isa = PBXGroup;
			children = (
				F62CB2351D82AEDD00FB6A3D /* AppDelegate.swift */,
				F62CB2371D82AEDD00FB6A3D /* SelectionVC.swift */,
				F62CB23C1D82AEDD00FB6A3D /* Assets.xcassets */,
				F62CB23E1D82AEDD00FB6A3D /* LaunchScreen.storyboard */,
				F62CB2411D82AEDD00FB6A3D /* Info.plist */,
			);
			path = SimpleTransitionAnimations;
			sourceTree = "<group>";
		};
/* End PBXGroup section */

/* Begin PBXNativeTarget section */
		F62CB2311D82AEDD00FB6A3D /* SimpleTransitionAnimations */ = {
			isa = PBXNativeTarget;
			buildConfigurationList = F62CB2441D82AEDD00FB6A3D /* Build configuration list for PBXNativeTarget "SimpleTransitionAnimations" */;
			buildPhases = (
				7B81FF200A8C34DEE997C1F3 /* [CP] Check Pods Manifest.lock */,
				F62CB22E1D82AEDD00FB6A3D /* Sources */,
				F62CB22F1D82AEDD00FB6A3D /* Frameworks */,
				F62CB2301D82AEDD00FB6A3D /* Resources */,
				1E451CA4997497124CC06A62 /* [CP] Embed Pods Frameworks */,
				8DFB4C98C2EACBF85E348942 /* [CP] Copy Pods Resources */,
			);
			buildRules = (
			);
			dependencies = (
			);
			name = SimpleTransitionAnimations;
			productName = SimpleTransitionAnimations;
			productReference = F62CB2321D82AEDD00FB6A3D /* SimpleTransitionAnimations.app */;
			productType = "com.apple.product-type.application";
		};
/* End PBXNativeTarget section */

/* Begin PBXProject section */
		F62CB22A1D82AEDD00FB6A3D /* Project object */ = {
			isa = PBXProject;
			attributes = {
				LastSwiftUpdateCheck = 0730;
				LastUpgradeCheck = 0730;
				ORGANIZATIONNAME = ValentinaButenko;
				TargetAttributes = {
					F62CB2311D82AEDD00FB6A3D = {
						CreatedOnToolsVersion = 7.3.1;
					};
				};
			};
			buildConfigurationList = F62CB22D1D82AEDD00FB6A3D /* Build configuration list for PBXProject "SimpleTransitionAnimations" */;
			compatibilityVersion = "Xcode 3.2";
			developmentRegion = English;
			hasScannedForEncodings = 0;
			knownRegions = (
				en,
				Base,
			);
			mainGroup = F62CB2291D82AEDD00FB6A3D;
			productRefGroup = F62CB2331D82AEDD00FB6A3D /* Products */;
			projectDirPath = "";
			projectRoot = "";
			targets = (
				F62CB2311D82AEDD00FB6A3D /* SimpleTransitionAnimations */,
			);
		};
/* End PBXProject section */

/* Begin PBXResourcesBuildPhase section */
		F62CB2301D82AEDD00FB6A3D /* Resources */ = {
			isa = PBXResourcesBuildPhase;
			buildActionMask = 2147483647;
			files = (
				F62CB2401D82AEDD00FB6A3D /* LaunchScreen.storyboard in Resources */,
				F62CB23D1D82AEDD00FB6A3D /* Assets.xcassets in Resources */,
			);
			runOnlyForDeploymentPostprocessing = 0;
		};
/* End PBXResourcesBuildPhase section */

/* Begin PBXShellScriptBuildPhase section */
		1E451CA4997497124CC06A62 /* [CP] Embed Pods Frameworks */ = {
			isa = PBXShellScriptBuildPhase;
			buildActionMask = 2147483647;
			files = (
			);
			inputPaths = (
			);
			name = "[CP] Embed Pods Frameworks";
			outputPaths = (
			);
			runOnlyForDeploymentPostprocessing = 0;
			shellPath = /bin/sh;
			shellScript = "\"${SRCROOT}/Pods/Target Support Files/Pods-SimpleTransitionAnimations/Pods-SimpleTransitionAnimations-frameworks.sh\"\n";
			showEnvVarsInLog = 0;
		};
		7B81FF200A8C34DEE997C1F3 /* [CP] Check Pods Manifest.lock */ = {
			isa = PBXShellScriptBuildPhase;
			buildActionMask = 2147483647;
			files = (
			);
			inputPaths = (
			);
			name = "[CP] Check Pods Manifest.lock";
			outputPaths = (
			);
			runOnlyForDeploymentPostprocessing = 0;
			shellPath = /bin/sh;
			shellScript = "diff \"${PODS_ROOT}/../Podfile.lock\" \"${PODS_ROOT}/Manifest.lock\" > /dev/null\nif [[ $? != 0 ]] ; then\n    cat << EOM\nerror: The sandbox is not in sync with the Podfile.lock. Run 'pod install' or update your CocoaPods installation.\nEOM\n    exit 1\nfi\n";
			showEnvVarsInLog = 0;
		};
		8DFB4C98C2EACBF85E348942 /* [CP] Copy Pods Resources */ = {
			isa = PBXShellScriptBuildPhase;
			buildActionMask = 2147483647;
			files = (
			);
			inputPaths = (
			);
			name = "[CP] Copy Pods Resources";
			outputPaths = (
			);
			runOnlyForDeploymentPostprocessing = 0;
			shellPath = /bin/sh;
			shellScript = "\"${SRCROOT}/Pods/Target Support Files/Pods-SimpleTransitionAnimations/Pods-SimpleTransitionAnimations-resources.sh\"\n";
			showEnvVarsInLog = 0;
		};
/* End PBXShellScriptBuildPhase section */

/* Begin PBXSourcesBuildPhase section */
		F62CB22E1D82AEDD00FB6A3D /* Sources */ = {
			isa = PBXSourcesBuildPhase;
			buildActionMask = 2147483647;
			files = (
				F62CB2381D82AEDD00FB6A3D /* SelectionVC.swift in Sources */,
				F62CB2361D82AEDD00FB6A3D /* AppDelegate.swift in Sources */,
			);
			runOnlyForDeploymentPostprocessing = 0;
		};
/* End PBXSourcesBuildPhase section */

/* Begin PBXVariantGroup section */
		F62CB23E1D82AEDD00FB6A3D /* LaunchScreen.storyboard */ = {
			isa = PBXVariantGroup;
			children = (
				F62CB23F1D82AEDD00FB6A3D /* Base */,
			);
			name = LaunchScreen.storyboard;
			sourceTree = "<group>";
		};
/* End PBXVariantGroup section */

/* Begin XCBuildConfiguration section */
		F62CB2421D82AEDD00FB6A3D /* Debug */ = {
			isa = XCBuildConfiguration;
			buildSettings = {
				ALWAYS_SEARCH_USER_PATHS = NO;
				CLANG_ANALYZER_NONNULL = YES;
				CLANG_CXX_LANGUAGE_STANDARD = "gnu++0x";
				CLANG_CXX_LIBRARY = "libc++";
				CLANG_ENABLE_MODULES = YES;
				CLANG_ENABLE_OBJC_ARC = YES;
				CLANG_WARN_BOOL_CONVERSION = YES;
				CLANG_WARN_CONSTANT_CONVERSION = YES;
				CLANG_WARN_DIRECT_OBJC_ISA_USAGE = YES_ERROR;
				CLANG_WARN_EMPTY_BODY = YES;
				CLANG_WARN_ENUM_CONVERSION = YES;
				CLANG_WARN_INT_CONVERSION = YES;
				CLANG_WARN_OBJC_ROOT_CLASS = YES_ERROR;
				CLANG_WARN_UNREACHABLE_CODE = YES;
				CLANG_WARN__DUPLICATE_METHOD_MATCH = YES;
				"CODE_SIGN_IDENTITY[sdk=iphoneos*]" = "iPhone Developer";
				COPY_PHASE_STRIP = NO;
				DEBUG_INFORMATION_FORMAT = dwarf;
				ENABLE_STRICT_OBJC_MSGSEND = YES;
				ENABLE_TESTABILITY = YES;
				GCC_C_LANGUAGE_STANDARD = gnu99;
				GCC_DYNAMIC_NO_PIC = NO;
				GCC_NO_COMMON_BLOCKS = YES;
				GCC_OPTIMIZATION_LEVEL = 0;
				GCC_PREPROCESSOR_DEFINITIONS = (
					"DEBUG=1",
					"$(inherited)",
				);
				GCC_WARN_64_TO_32_BIT_CONVERSION = YES;
				GCC_WARN_ABOUT_RETURN_TYPE = YES_ERROR;
				GCC_WARN_UNDECLARED_SELECTOR = YES;
				GCC_WARN_UNINITIALIZED_AUTOS = YES_AGGRESSIVE;
				GCC_WARN_UNUSED_FUNCTION = YES;
				GCC_WARN_UNUSED_VARIABLE = YES;
				IPHONEOS_DEPLOYMENT_TARGET = 9.3;
				MTL_ENABLE_DEBUG_INFO = YES;
				ONLY_ACTIVE_ARCH = YES;
				SDKROOT = iphoneos;
				SWIFT_OPTIMIZATION_LEVEL = "-Onone";
			};
			name = Debug;
		};
		F62CB2431D82AEDD00FB6A3D /* Release */ = {
			isa = XCBuildConfiguration;
			buildSettings = {
				ALWAYS_SEARCH_USER_PATHS = NO;
				CLANG_ANALYZER_NONNULL = YES;
				CLANG_CXX_LANGUAGE_STANDARD = "gnu++0x";
				CLANG_CXX_LIBRARY = "libc++";
				CLANG_ENABLE_MODULES = YES;
				CLANG_ENABLE_OBJC_ARC = YES;
				CLANG_WARN_BOOL_CONVERSION = YES;
				CLANG_WARN_CONSTANT_CONVERSION = YES;
				CLANG_WARN_DIRECT_OBJC_ISA_USAGE = YES_ERROR;
				CLANG_WARN_EMPTY_BODY = YES;
				CLANG_WARN_ENUM_CONVERSION = YES;
				CLANG_WARN_INT_CONVERSION = YES;
				CLANG_WARN_OBJC_ROOT_CLASS = YES_ERROR;
				CLANG_WARN_UNREACHABLE_CODE = YES;
				CLANG_WARN__DUPLICATE_METHOD_MATCH = YES;
				"CODE_SIGN_IDENTITY[sdk=iphoneos*]" = "iPhone Developer";
				COPY_PHASE_STRIP = NO;
				DEBUG_INFORMATION_FORMAT = "dwarf-with-dsym";
				ENABLE_NS_ASSERTIONS = NO;
				ENABLE_STRICT_OBJC_MSGSEND = YES;
				GCC_C_LANGUAGE_STANDARD = gnu99;
				GCC_NO_COMMON_BLOCKS = YES;
				GCC_WARN_64_TO_32_BIT_CONVERSION = YES;
				GCC_WARN_ABOUT_RETURN_TYPE = YES_ERROR;
				GCC_WARN_UNDECLARED_SELECTOR = YES;
				GCC_WARN_UNINITIALIZED_AUTOS = YES_AGGRESSIVE;
				GCC_WARN_UNUSED_FUNCTION = YES;
				GCC_WARN_UNUSED_VARIABLE = YES;
				IPHONEOS_DEPLOYMENT_TARGET = 9.3;
				MTL_ENABLE_DEBUG_INFO = NO;
				SDKROOT = iphoneos;
				VALIDATE_PRODUCT = YES;
			};
			name = Release;
		};
		F62CB2451D82AEDD00FB6A3D /* Debug */ = {
			isa = XCBuildConfiguration;
			baseConfigurationReference = 3BDF0E08F399771EC1B2D701 /* Pods-SimpleTransitionAnimations.debug.xcconfig */;
			buildSettings = {
				ASSETCATALOG_COMPILER_APPICON_NAME = AppIcon;
				INFOPLIST_FILE = SimpleTransitionAnimations/Info.plist;
				LD_RUNPATH_SEARCH_PATHS = "$(inherited) @executable_path/Frameworks";
				PRODUCT_BUNDLE_IDENTIFIER = com.butenko.SimpleTransitionAnimations;
				PRODUCT_NAME = "$(TARGET_NAME)";
			};
			name = Debug;
		};
		F62CB2461D82AEDD00FB6A3D /* Release */ = {
			isa = XCBuildConfiguration;
			baseConfigurationReference = 6E5E77C61A668358007C04C6 /* Pods-SimpleTransitionAnimations.release.xcconfig */;
			buildSettings = {
				ASSETCATALOG_COMPILER_APPICON_NAME = AppIcon;
				INFOPLIST_FILE = SimpleTransitionAnimations/Info.plist;
				LD_RUNPATH_SEARCH_PATHS = "$(inherited) @executable_path/Frameworks";
				PRODUCT_BUNDLE_IDENTIFIER = com.butenko.SimpleTransitionAnimations;
				PRODUCT_NAME = "$(TARGET_NAME)";
			};
			name = Release;
		};
/* End XCBuildConfiguration section */

/* Begin XCConfigurationList section */
		F62CB22D1D82AEDD00FB6A3D /* Build configuration list for PBXProject "SimpleTransitionAnimations" */ = {
			isa = XCConfigurationList;
			buildConfigurations = (
				F62CB2421D82AEDD00FB6A3D /* Debug */,
				F62CB2431D82AEDD00FB6A3D /* Release */,
			);
			defaultConfigurationIsVisible = 0;
			defaultConfigurationName = Release;
		};
		F62CB2441D82AEDD00FB6A3D /* Build configuration list for PBXNativeTarget "SimpleTransitionAnimations" */ = {
			isa = XCConfigurationList;
			buildConfigurations = (
				F62CB2451D82AEDD00FB6A3D /* Debug */,
				F62CB2461D82AEDD00FB6A3D /* Release */,
			);
			defaultConfigurationIsVisible = 0;
			defaultConfigurationName = Release;
		};
/* End XCConfigurationList section */
	};
	rootObject = F62CB22A1D82AEDD00FB6A3D /* Project object */;
}
